{
  "originHash" : "96d04d45b5a1602be05a27ea3733918b982dc82dd08c5698a654e9c2390f865b",
  "pins" : [
    {
      "identity" : "alamofire",
      "kind" : "remoteSourceControl",
      "location" : "https://github.com/Alamofire/Alamofire.git",
      "state" : {
        "revision" : "f455c2975872ccd2d9c81594c658af65716e9b9a",
        "version" : "5.9.1"
      }
    },
    {
      "identity" : "core",
      "kind" : "remoteSourceControl",
      "location" : "https://github.com/achmadsm/Core.git",
      "state" : {
        "branch" : "main",
        "revision" : "9a0f7de339a5ecdc22bd76998aaa5de54ff34559"
      }
    },
    {
      "identity" : "game",
      "kind" : "remoteSourceControl",
      "location" : "https://github.com/achmadsm/Game",
      "state" : {
        "branch" : "main",
        "revision" : "8f129552e87809d1381ecf887517fd7152206925"
      }
    },
    {
      "identity" : "realm-core",
      "kind" : "remoteSourceControl",
      "location" : "https://github.com/realm/realm-core.git",
      "state" : {
        "revision" : "b36f2436c2746c32b1f93dcc06ea8b859671a767",
        "version" : "14.12.1"
      }
    },
    {
      "identity" : "realm-swift",
      "kind" : "remoteSourceControl",
      "location" : "https://github.com/realm/realm-swift.git",
      "state" : {
        "branch" : "master",
        "revision" : "c21605e847fc76f66c9d4c49ad0799c26d72edd4"
      }
    },
    {
      "identity" : "swiftui-cached-async-image",
      "kind" : "remoteSourceControl",
      "location" : "https://github.com/lorenzofiamingo/swiftui-cached-async-image",
      "state" : {
        "revision" : "467a3d17479887943ab917a379e62bbaff60ac8a",
        "version" : "2.1.1"
      }
    }
  ],
  "version" : 3
}
